
Microsoft Visual Studio Solution File, Format Version 12.00
# Visual Studio Version 17
VisualStudioVersion = 17.14.36408.4 d17.14
MinimumVisualStudioVersion = 10.0.40219.1
Project("{FAE04EC0-301F-11D3-BF4B-00C04F79EFBC}") = "text_speech_bot", "text_speech_bot\text_speech_bot.csproj", "{63419BAB-A0A4-402F-B031-D0CF89EA048C}"
EndProject
Global
	GlobalSection(SolutionConfigurationPlatforms) = preSolution
		Debug|Any CPU = Debug|Any CPU
		Release|Any CPU = Release|Any CPU
	EndGlobalSection
	GlobalSection(ProjectConfigurationPlatforms) = postSolution
		{63419BAB-A0A4-402F-B031-D0CF89EA048C}.Debug|Any CPU.ActiveCfg = Debug|Any CPU
		{63419BAB-A0A4-402F-B031-D0CF89EA048C}.Debug|Any CPU.Build.0 = Debug|Any CPU
		{63419BAB-A0A4-402F-B031-D0CF89EA048C}.Release|Any CPU.ActiveCfg = Release|Any CPU
		{63419BAB-A0A4-402F-B031-D0CF89EA048C}.Release|Any CPU.Build.0 = Release|Any CPU
	EndGlobalSection
	GlobalSection(SolutionProperties) = preSolution
		HideSolutionNode = FALSE
	EndGlobalSection
	GlobalSection(ExtensibilityGlobals) = postSolution
		SolutionGuid = {BBBFC572-7AAE-4C21-915F-CFEB617722AA}
	EndGlobalSection
EndGlobal
